{
  "nodes": {
    "flake-utils": {
      "inputs": {
        "systems": "systems"
      },
      "locked": {
        "lastModified": 1731533236,
        "narHash": "sha256-l0KFg5HjrsfsO/JpG+r7fRrqm12kzFHyUHqHCVpMMbI=",
        "owner": "numtide",
        "repo": "flake-utils",
        "rev": "11707dc2f618dd54ca8739b309ec4fc024de578b",
        "type": "github"
      },
      "original": {
        "owner": "numtide",
        "repo": "flake-utils",
        "type": "github"
      }
    },
    "nixpkgs": {
      "locked": {
        "lastModified": 1756696532,
        "narHash": "sha256-6FWagzm0b7I/IGigOv9pr6LL7NQ86mextfE8g8Q6HBg=",
        "owner": "nixos",
        "repo": "nixpkgs",
        "rev": "58dcbf1ec551914c3756c267b8b9c8c86baa1b2f",
        "type": "github"
      },
      "original": {
        "owner": "nixos",
        "ref": "nixpkgs-unstable",
        "repo": "nixpkgs",
        "type": "github"
      }
    },
    "nixpkgs-cabal": {
      "locked": {
        "lastModified": 1660687964,
        "narHash": "sha256-8dJ8u/SUlJoHJVPFnFqoo7ugLH4RxyuyQTeuE6/EynE=",
        "owner": "NixOS",
        "repo": "nixpkgs",
        "rev": "7cf5ccf1cdb2ba5f08f0ac29fc3d04b0b59a07e4",
        "type": "github"
      },
      "original": {
        "owner": "NixOS",
        "repo": "nixpkgs",
        "rev": "7cf5ccf1cdb2ba5f08f0ac29fc3d04b0b59a07e4",
        "type": "github"
      }
    },
    "nixpkgs-ghc": {
      "locked": {
        "lastModified": 1671056470,
        "narHash": "sha256-rrcDHjRX9R8qXvkcGvKunsw3mf7zyPJzx1y8TPqjWdM=",
        "owner": "NixOS",
        "repo": "nixpkgs",
        "rev": "79b3d4bcae8c7007c9fd51c279a8a67acfa73a2a",
        "type": "github"
      },
      "original": {
        "owner": "NixOS",
        "repo": "nixpkgs",
        "rev": "79b3d4bcae8c7007c9fd51c279a8a67acfa73a2a",
        "type": "github"
      }
    },
    "nixpkgs-z3-4-12-5": {
      "locked": {
        "lastModified": 1735160951,
        "narHash": "sha256-9h91U6BBNnzShwzlC+r/aXB+WyN3S140lYQbHH95bc0=",
        "owner": "NixOS",
        "repo": "nixpkgs",
        "rev": "c792c60b8a97daa7efe41a6e4954497ae410e0c1",
        "type": "github"
      },
      "original": {
        "owner": "NixOS",
        "repo": "nixpkgs",
        "rev": "c792c60b8a97daa7efe41a6e4954497ae410e0c1",
        "type": "github"
      }
    },
    "nixpkgs-z3-4-14-1": {
      "locked": {
        "lastModified": 1745533402,
        "narHash": "sha256-gDcMJdnBJg7ncP+eqENwH9pOW0azcCOW5y50N+jKdL8=",
        "owner": "NixOS",
        "repo": "nixpkgs",
        "rev": "3e2cf88148e732abc1d259286123e06a9d8c964a",
        "type": "github"
      },
      "original": {
        "owner": "NixOS",
        "repo": "nixpkgs",
        "rev": "3e2cf88148e732abc1d259286123e06a9d8c964a",
        "type": "github"
      }
    },
    "root": {
      "inputs": {
        "flake-utils": "flake-utils",
        "nixpkgs": "nixpkgs",
        "nixpkgs-cabal": "nixpkgs-cabal",
        "nixpkgs-ghc": "nixpkgs-ghc",
        "nixpkgs-z3-4-12-5": "nixpkgs-z3-4-12-5",
        "nixpkgs-z3-4-14-1": "nixpkgs-z3-4-14-1"
      }
    },
    "systems": {
      "locked": {
        "lastModified": 1681028828,
        "narHash": "sha256-Vy1rq5AaRuLzOxct8nz4T6wlgyUR7zLU309k9mBC768=",
        "owner": "nix-systems",
        "repo": "default",
        "rev": "da67096a3b9bf56a91d16901293e51ba5b49a27e",
        "type": "github"
      },
      "original": {
        "owner": "nix-systems",
        "repo": "default",
        "type": "github"
      }
    }
  },
  "root": "root",
  "version": 7
}
